
Microsoft Visual Studio Solution File, Format Version 12.00
# Visual Studio Version 17
VisualStudioVersion = 17.11.35208.52
MinimumVisualStudioVersion = 10.0.40219.1
Project("{9A19103F-16F7-4668-BE54-9A1E7A4F7556}") = "EventSourcedQuota", "event-sourced-quota\EventSourcedQuota.csproj", "{495657BF-513E-4862-BC28-92CA8A899891}"
EndProject
Project("{9A19103F-16F7-4668-BE54-9A1E7A4F7556}") = "Domain", "Domain\Domain.csproj", "{4ACACB7F-F68D-4DB9-A432-58DD3B1936E0}"
EndProject
Project("{9A19103F-16F7-4668-BE54-9A1E7A4F7556}") = "Data", "Data\Data.csproj", "{D247C3B0-65F2-4939-B756-6C35F6ECF03C}"
EndProject
Project("{9A19103F-16F7-4668-BE54-9A1E7A4F7556}") = "Application", "Application\Application.csproj", "{9378C95C-8D3C-496B-A86C-EF7DDF8B2C18}"
EndProject
Project("{2150E333-8FDC-42A3-9474-1A3956D46DE8}") = "Tests", "Tests", "{20711294-E762-49EA-A423-882947314594}"
EndProject
Project("{9A19103F-16F7-4668-BE54-9A1E7A4F7556}") = "Domain.Tests", "Domain.Tests\Domain.Tests.csproj", "{C3F18E01-EE9A-4105-9BB2-706564A215D8}"
EndProject
Global
	GlobalSection(SolutionConfigurationPlatforms) = preSolution
		Debug|Any CPU = Debug|Any CPU
		Release|Any CPU = Release|Any CPU
	EndGlobalSection
	GlobalSection(ProjectConfigurationPlatforms) = postSolution
		{495657BF-513E-4862-BC28-92CA8A899891}.Debug|Any CPU.ActiveCfg = Debug|Any CPU
		{495657BF-513E-4862-BC28-92CA8A899891}.Debug|Any CPU.Build.0 = Debug|Any CPU
		{495657BF-513E-4862-BC28-92CA8A899891}.Release|Any CPU.ActiveCfg = Release|Any CPU
		{495657BF-513E-4862-BC28-92CA8A899891}.Release|Any CPU.Build.0 = Release|Any CPU
		{4ACACB7F-F68D-4DB9-A432-58DD3B1936E0}.Debug|Any CPU.ActiveCfg = Debug|Any CPU
		{4ACACB7F-F68D-4DB9-A432-58DD3B1936E0}.Debug|Any CPU.Build.0 = Debug|Any CPU
		{4ACACB7F-F68D-4DB9-A432-58DD3B1936E0}.Release|Any CPU.ActiveCfg = Release|Any CPU
		{4ACACB7F-F68D-4DB9-A432-58DD3B1936E0}.Release|Any CPU.Build.0 = Release|Any CPU
		{D247C3B0-65F2-4939-B756-6C35F6ECF03C}.Debug|Any CPU.ActiveCfg = Debug|Any CPU
		{D247C3B0-65F2-4939-B756-6C35F6ECF03C}.Debug|Any CPU.Build.0 = Debug|Any CPU
		{D247C3B0-65F2-4939-B756-6C35F6ECF03C}.Release|Any CPU.ActiveCfg = Release|Any CPU
		{D247C3B0-65F2-4939-B756-6C35F6ECF03C}.Release|Any CPU.Build.0 = Release|Any CPU
		{9378C95C-8D3C-496B-A86C-EF7DDF8B2C18}.Debug|Any CPU.ActiveCfg = Debug|Any CPU
		{9378C95C-8D3C-496B-A86C-EF7DDF8B2C18}.Debug|Any CPU.Build.0 = Debug|Any CPU
		{9378C95C-8D3C-496B-A86C-EF7DDF8B2C18}.Release|Any CPU.ActiveCfg = Release|Any CPU
		{9378C95C-8D3C-496B-A86C-EF7DDF8B2C18}.Release|Any CPU.Build.0 = Release|Any CPU
		{C3F18E01-EE9A-4105-9BB2-706564A215D8}.Debug|Any CPU.ActiveCfg = Debug|Any CPU
		{C3F18E01-EE9A-4105-9BB2-706564A215D8}.Debug|Any CPU.Build.0 = Debug|Any CPU
		{C3F18E01-EE9A-4105-9BB2-706564A215D8}.Release|Any CPU.ActiveCfg = Release|Any CPU
		{C3F18E01-EE9A-4105-9BB2-706564A215D8}.Release|Any CPU.Build.0 = Release|Any CPU
	EndGlobalSection
	GlobalSection(SolutionProperties) = preSolution
		HideSolutionNode = FALSE
	EndGlobalSection
	GlobalSection(NestedProjects) = preSolution
		{C3F18E01-EE9A-4105-9BB2-706564A215D8} = {20711294-E762-49EA-A423-882947314594}
	EndGlobalSection
	GlobalSection(ExtensibilityGlobals) = postSolution
		SolutionGuid = {88A89F0F-C774-4181-8FF7-21331D15754E}
	EndGlobalSection
EndGlobal
